
Microsoft Visual Studio Solution File, Format Version 12.00
# Visual Studio Version 17
VisualStudioVersion = 17.4.33213.308
MinimumVisualStudioVersion = 10.0.40219.1
Project("{9A19103F-16F7-4668-BE54-9A1E7A4F7556}") = "Assignment 1", "Assignment 1.csproj", "{231F03C4-656C-477B-AD87-45EFBE4014D5}"
EndProject
Project("{9A19103F-16F7-4668-BE54-9A1E7A4F7556}") = "Assignment4", "..\Assignment4\Assignment4.csproj", "{CB4B9CFB-30F9-49A6-87A3-996FAEC71B8B}"
EndProject
Project("{9A19103F-16F7-4668-BE54-9A1E7A4F7556}") = "Assignment6", "..\Assignment6\Assignment6.csproj", "{D172A28F-5286-4390-B56A-EBE5FDC7AD03}"
EndProject
Project("{FAE04EC0-301F-11D3-BF4B-00C04F79EFBC}") = "Assignment7", "..\Assignment7\Assignment7.csproj", "{ED7800CB-2062-4AB9-8E06-B7D355F7F559}"
EndProject
Project("{FAE04EC0-301F-11D3-BF4B-00C04F79EFBC}") = "Assignment2", "..\Assignment2\Assignment2.csproj", "{881BF188-169E-4A0A-B132-942195C09E33}"
EndProject
Project("{FAE04EC0-301F-11D3-BF4B-00C04F79EFBC}") = "Assignment3", "..\Assignment3\Assignment3.csproj", "{69C1837C-6406-4638-871D-DA4172061AD7}"
EndProject
Global
	GlobalSection(SolutionConfigurationPlatforms) = preSolution
		Debug|Any CPU = Debug|Any CPU
		Release|Any CPU = Release|Any CPU
	EndGlobalSection
	GlobalSection(ProjectConfigurationPlatforms) = postSolution
		{231F03C4-656C-477B-AD87-45EFBE4014D5}.Debug|Any CPU.ActiveCfg = Debug|Any CPU
		{231F03C4-656C-477B-AD87-45EFBE4014D5}.Debug|Any CPU.Build.0 = Debug|Any CPU
		{231F03C4-656C-477B-AD87-45EFBE4014D5}.Release|Any CPU.ActiveCfg = Release|Any CPU
		{231F03C4-656C-477B-AD87-45EFBE4014D5}.Release|Any CPU.Build.0 = Release|Any CPU
		{CB4B9CFB-30F9-49A6-87A3-996FAEC71B8B}.Debug|Any CPU.ActiveCfg = Debug|Any CPU
		{CB4B9CFB-30F9-49A6-87A3-996FAEC71B8B}.Debug|Any CPU.Build.0 = Debug|Any CPU
		{CB4B9CFB-30F9-49A6-87A3-996FAEC71B8B}.Release|Any CPU.ActiveCfg = Release|Any CPU
		{CB4B9CFB-30F9-49A6-87A3-996FAEC71B8B}.Release|Any CPU.Build.0 = Release|Any CPU
		{D172A28F-5286-4390-B56A-EBE5FDC7AD03}.Debug|Any CPU.ActiveCfg = Debug|Any CPU
		{D172A28F-5286-4390-B56A-EBE5FDC7AD03}.Debug|Any CPU.Build.0 = Debug|Any CPU
		{D172A28F-5286-4390-B56A-EBE5FDC7AD03}.Release|Any CPU.ActiveCfg = Release|Any CPU
		{D172A28F-5286-4390-B56A-EBE5FDC7AD03}.Release|Any CPU.Build.0 = Release|Any CPU
		{ED7800CB-2062-4AB9-8E06-B7D355F7F559}.Debug|Any CPU.ActiveCfg = Debug|Any CPU
		{ED7800CB-2062-4AB9-8E06-B7D355F7F559}.Debug|Any CPU.Build.0 = Debug|Any CPU
		{ED7800CB-2062-4AB9-8E06-B7D355F7F559}.Release|Any CPU.ActiveCfg = Release|Any CPU
		{ED7800CB-2062-4AB9-8E06-B7D355F7F559}.Release|Any CPU.Build.0 = Release|Any CPU
		{881BF188-169E-4A0A-B132-942195C09E33}.Debug|Any CPU.ActiveCfg = Debug|Any CPU
		{881BF188-169E-4A0A-B132-942195C09E33}.Debug|Any CPU.Build.0 = Debug|Any CPU
		{881BF188-169E-4A0A-B132-942195C09E33}.Release|Any CPU.ActiveCfg = Release|Any CPU
		{881BF188-169E-4A0A-B132-942195C09E33}.Release|Any CPU.Build.0 = Release|Any CPU
		{69C1837C-6406-4638-871D-DA4172061AD7}.Debug|Any CPU.ActiveCfg = Debug|Any CPU
		{69C1837C-6406-4638-871D-DA4172061AD7}.Debug|Any CPU.Build.0 = Debug|Any CPU
		{69C1837C-6406-4638-871D-DA4172061AD7}.Release|Any CPU.ActiveCfg = Release|Any CPU
		{69C1837C-6406-4638-871D-DA4172061AD7}.Release|Any CPU.Build.0 = Release|Any CPU
	EndGlobalSection
	GlobalSection(SolutionProperties) = preSolution
		HideSolutionNode = FALSE
	EndGlobalSection
	GlobalSection(ExtensibilityGlobals) = postSolution
		SolutionGuid = {F39049B9-CA68-43A5-8C00-EF32C9CA2388}
	EndGlobalSection
EndGlobal
